// !$*UTF8*$!
{
	archiveVersion = 1;
	classes = {
	};
	objectVersion = 46;
	objects = {

/* Begin PBXBuildFile section */
		075978B51E52FB2300EC603F /* AppDelegate.swift in Sources */ = {isa = PBXBuildFile; fileRef = 075978B41E52FB2300EC603F /* AppDelegate.swift */; };
		075978B71E52FB2300EC603F /* ViewController.swift in Sources */ = {isa = PBXBuildFile; fileRef = 075978B61E52FB2300EC603F /* ViewController.swift */; };
		075978BA1E52FB2300EC603F /* Main.storyboard in Resources */ = {isa = PBXBuildFile; fileRef = 075978B81E52FB2300EC603F /* Main.storyboard */; };
		075978BC1E52FB2300EC603F /* Assets.xcassets in Resources */ = {isa = PBXBuildFile; fileRef = 075978BB1E52FB2300EC603F /* Assets.xcassets */; };
		075978BF1E52FB2300EC603F /* LaunchScreen.storyboard in Resources */ = {isa = PBXBuildFile; fileRef = 075978BD1E52FB2300EC603F /* LaunchScreen.storyboard */; };
/* End PBXBuildFile section */

/* Begin PBXFileReference section */
		075978B11E52FB2300EC603F /* DateUTCtoLocalTime.app */ = {isa = PBXFileReference; explicitFileType = wrapper.application; includeInIndex = 0; path = DateUTCtoLocalTime.app; sourceTree = BUILT_PRODUCTS_DIR; };
		075978B41E52FB2300EC603F /* AppDelegate.swift */ = {isa = PBXFileReference; lastKnownFileType = sourcecode.swift; path = AppDelegate.swift; sourceTree = "<group>"; };
		075978B61E52FB2300EC603F /* ViewController.swift */ = {isa = PBXFileReference; lastKnownFileType = sourcecode.swift; path = ViewController.swift; sourceTree = "<group>"; };
		075978B91E52FB2300EC603F /* Base */ = {isa = PBXFileReference; lastKnownFileType = file.storyboard; name = Base; path = Base.lproj/Main.storyboard; sourceTree = "<group>"; };
		075978BB1E52FB2300EC603F /* Assets.xcassets */ = {isa = PBXFileReference; lastKnownFileType = folder.assetcatalog; path = Assets.xcassets; sourceTree = "<group>"; };
		075978BE1E52FB2300EC603F /* Base */ = {isa = PBXFileReference; lastKnownFileType = file.storyboard; name = Base; path = Base.lproj/LaunchScreen.storyboard; sourceTree = "<group>"; };
		075978C01E52FB2300EC603F /* Info.plist */ = {isa = PBXFileReference; lastKnownFileType = text.plist.xml; path = Info.plist; sourceTree = "<group>"; };
/* End PBXFileReference section */

/* Begin PBXFrameworksBuildPhase section */
		075978AE1E52FB2300EC603F /* Frameworks */ = {
			isa = PBXFrameworksBuildPhase;
			buildActionMask = 2147483647;
			files = (
			);
			runOnlyForDeploymentPostprocessing = 0;
		};
/* End PBXFrameworksBuildPhase section */

/* Begin PBXGroup section */
		075978A81E52FB2300EC603F = {
			isa = PBXGroup;
			children = (
				075978B31E52FB2300EC603F /* DateUTCtoLocalTime */,
				075978B21E52FB2300EC603F /* Products */,
			);
			sourceTree = "<group>";
		};
		075978B21E52FB2300EC603F /* Products */ = {
			isa = PBXGroup;
			children = (
				075978B11E52FB2300EC603F /* DateUTCtoLocalTime.app */,
			);
			name = Products;
			sourceTree = "<group>";
		};
		075978B31E52FB2300EC603F /* DateUTCtoLocalTime */ = {
			isa = PBXGroup;
			children = (
				075978B41E52FB2300EC603F /* AppDelegate.swift */,
				075978B61E52FB2300EC603F /* ViewController.swift */,
				075978B81E52FB2300EC603F /* Main.storyboard */,
				075978BB1E52FB2300EC603F /* Assets.xcassets */,
				075978BD1E52FB2300EC603F /* LaunchScreen.storyboard */,
				075978C01E52FB2300EC603F /* Info.plist */,
			);
			path = DateUTCtoLocalTime;
			sourceTree = "<group>";
		};
/* End PBXGroup section */

/* Begin PBXNativeTarget section */
		075978B01E52FB2300EC603F /* DateUTCtoLocalTime */ = {
			isa = PBXNativeTarget;
			buildConfigurationList = 075978C31E52FB2300EC603F /* Build configuration list for PBXNativeTarget "DateUTCtoLocalTime" */;
			buildPhases = (
				075978AD1E52FB2300EC603F /* Sources */,
				075978AE1E52FB2300EC603F /* Frameworks */,
				075978AF1E52FB2300EC603F /* Resources */,
			);
			buildRules = (
			);
			dependencies = (
			);
			name = DateUTCtoLocalTime;
			productName = DateUTCtoLocalTime;
			productReference = 075978B11E52FB2300EC603F /* DateUTCtoLocalTime.app */;
			productType = "com.apple.product-type.application";
		};
/* End PBXNativeTarget section */

/* Begin PBXProject section */
		075978A91E52FB2300EC603F /* Project object */ = {
			isa = PBXProject;
			attributes = {
				LastSwiftUpdateCheck = 0820;
				LastUpgradeCheck = 0820;
				ORGANIZATIONNAME = "Carlos ";
				TargetAttributes = {
					075978B01E52FB2300EC603F = {
						CreatedOnToolsVersion = 8.2.1;
						ProvisioningStyle = Automatic;
					};
				};
			};
			buildConfigurationList = 075978AC1E52FB2300EC603F /* Build configuration list for PBXProject "DateUTCtoLocalTime" */;
			compatibilityVersion = "Xcode 3.2";
			developmentRegion = English;
			hasScannedForEncodings = 0;
			knownRegions = (
				en,
				Base,
			);
			mainGroup = 075978A81E52FB2300EC603F;
			productRefGroup = 075978B21E52FB2300EC603F /* Products */;
			projectDirPath = "";
			projectRoot = "";
			targets = (
				075978B01E52FB2300EC603F /* DateUTCtoLocalTime */,
			);
		};
/* End PBXProject section */

/* Begin PBXResourcesBuildPhase section */
		075978AF1E52FB2300EC603F /* Resources */ = {
			isa = PBXResourcesBuildPhase;
			buildActionMask = 2147483647;
			files = (
				075978BF1E52FB2300EC603F /* LaunchScreen.storyboard in Resources */,
				075978BC1E52FB2300EC603F /* Assets.xcassets in Resources */,
				075978BA1E52FB2300EC603F /* Main.storyboard in Resources */,
			);
			runOnlyForDeploymentPostprocessing = 0;
		};
/* End PBXResourcesBuildPhase section */

/* Begin PBXSourcesBuildPhase section */
		075978AD1E52FB2300EC603F /* Sources */ = {
			isa = PBXSourcesBuildPhase;
			buildActionMask = 2147483647;
			files = (
				075978B71E52FB2300EC603F /* ViewController.swift in Sources */,
				075978B51E52FB2300EC603F /* AppDelegate.swift in Sources */,
			);
			runOnlyForDeploymentPostprocessing = 0;
		};
/* End PBXSourcesBuildPhase section */

/* Begin PBXVariantGroup section */
		075978B81E52FB2300EC603F /* Main.storyboard */ = {
			isa = PBXVariantGroup;
			children = (
				075978B91E52FB2300EC603F /* Base */,
			);
			name = Main.storyboard;
			sourceTree = "<group>";
		};
		075978BD1E52FB2300EC603F /* LaunchScreen.storyboard */ = {
			isa = PBXVariantGroup;
			children = (
				075978BE1E52FB2300EC603F /* Base */,
			);
			name = LaunchScreen.storyboard;
			sourceTree = "<group>";
		};
/* End PBXVariantGroup section */

/* Begin XCBuildConfiguration section */
		075978C11E52FB2300EC603F /* Debug */ = {
			isa = XCBuildConfiguration;
			buildSettings = {
				ALWAYS_SEARCH_USER_PATHS = NO;
				CLANG_ANALYZER_NONNULL = YES;
				CLANG_CXX_LANGUAGE_STANDARD = "gnu++0x";
				CLANG_CXX_LIBRARY = "libc++";
				CLANG_ENABLE_MODULES = YES;
				CLANG_ENABLE_OBJC_ARC = YES;
				CLANG_WARN_BOOL_CONVERSION = YES;
				CLANG_WARN_CONSTANT_CONVERSION = YES;
				CLANG_WARN_DIRECT_OBJC_ISA_USAGE = YES_ERROR;
				CLANG_WARN_DOCUMENTATION_COMMENTS = YES;
				CLANG_WARN_EMPTY_BODY = YES;
				CLANG_WARN_ENUM_CONVERSION = YES;
				CLANG_WARN_INFINITE_RECURSION = YES;
				CLANG_WARN_INT_CONVERSION = YES;
				CLANG_WARN_OBJC_ROOT_CLASS = YES_ERROR;
				CLANG_WARN_SUSPICIOUS_MOVE = YES;
				CLANG_WARN_UNREACHABLE_CODE = YES;
				CLANG_WARN__DUPLICATE_METHOD_MATCH = YES;
				"CODE_SIGN_IDENTITY[sdk=iphoneos*]" = "iPhone Developer";
				COPY_PHASE_STRIP = NO;
				DEBUG_INFORMATION_FORMAT = dwarf;
				ENABLE_STRICT_OBJC_MSGSEND = YES;
				ENABLE_TESTABILITY = YES;
				GCC_C_LANGUAGE_STANDARD = gnu99;
				GCC_DYNAMIC_NO_PIC = NO;
				GCC_NO_COMMON_BLOCKS = YES;
				GCC_OPTIMIZATION_LEVEL = 0;
				GCC_PREPROCESSOR_DEFINITIONS = (
					"DEBUG=1",
					"$(inherited)",
				);
				GCC_WARN_64_TO_32_BIT_CONVERSION = YES;
				GCC_WARN_ABOUT_RETURN_TYPE = YES_ERROR;
				GCC_WARN_UNDECLARED_SELECTOR = YES;
				GCC_WARN_UNINITIALIZED_AUTOS = YES_AGGRESSIVE;
				GCC_WARN_UNUSED_FUNCTION = YES;
				GCC_WARN_UNUSED_VARIABLE = YES;
				IPHONEOS_DEPLOYMENT_TARGET = 10.2;
				MTL_ENABLE_DEBUG_INFO = YES;
				ONLY_ACTIVE_ARCH = YES;
				SDKROOT = iphoneos;
				SWIFT_ACTIVE_COMPILATION_CONDITIONS = DEBUG;
				SWIFT_OPTIMIZATION_LEVEL = "-Onone";
			};
			name = Debug;
		};
		075978C21E52FB2300EC603F /* Release */ = {
			isa = XCBuildConfiguration;
			buildSettings = {
				ALWAYS_SEARCH_USER_PATHS = NO;
				CLANG_ANALYZER_NONNULL = YES;
				CLANG_CXX_LANGUAGE_STANDARD = "gnu++0x";
				CLANG_CXX_LIBRARY = "libc++";
				CLANG_ENABLE_MODULES = YES;
				CLANG_ENABLE_OBJC_ARC = YES;
				CLANG_WARN_BOOL_CONVERSION = YES;
				CLANG_WARN_CONSTANT_CONVERSION = YES;
				CLANG_WARN_DIRECT_OBJC_ISA_USAGE = YES_ERROR;
				CLANG_WARN_DOCUMENTATION_COMMENTS = YES;
				CLANG_WARN_EMPTY_BODY = YES;
				CLANG_WARN_ENUM_CONVERSION = YES;
				CLANG_WARN_INFINITE_RECURSION = YES;
				CLANG_WARN_INT_CONVERSION = YES;
				CLANG_WARN_OBJC_ROOT_CLASS = YES_ERROR;
				CLANG_WARN_SUSPICIOUS_MOVE = YES;
				CLANG_WARN_UNREACHABLE_CODE = YES;
				CLANG_WARN__DUPLICATE_METHOD_MATCH = YES;
				"CODE_SIGN_IDENTITY[sdk=iphoneos*]" = "iPhone Developer";
				COPY_PHASE_STRIP = NO;
				DEBUG_INFORMATION_FORMAT = "dwarf-with-dsym";
				ENABLE_NS_ASSERTIONS = NO;
				ENABLE_STRICT_OBJC_MSGSEND = YES;
				GCC_C_LANGUAGE_STANDARD = gnu99;
				GCC_NO_COMMON_BLOCKS = YES;
				GCC_WARN_64_TO_32_BIT_CONVERSION = YES;
				GCC_WARN_ABOUT_RETURN_TYPE = YES_ERROR;
				GCC_WARN_UNDECLARED_SELECTOR = YES;
				GCC_WARN_UNINITIALIZED_AUTOS = YES_AGGRESSIVE;
				GCC_WARN_UNUSED_FUNCTION = YES;
				GCC_WARN_UNUSED_VARIABLE = YES;
				IPHONEOS_DEPLOYMENT_TARGET = 10.2;
				MTL_ENABLE_DEBUG_INFO = NO;
				SDKROOT = iphoneos;
				SWIFT_OPTIMIZATION_LEVEL = "-Owholemodule";
				VALIDATE_PRODUCT = YES;
			};
			name = Release;
		};
		075978C41E52FB2300EC603F /* Debug */ = {
			isa = XCBuildConfiguration;
			buildSettings = {
				ASSETCATALOG_COMPILER_APPICON_NAME = AppIcon;
				INFOPLIST_FILE = DateUTCtoLocalTime/Info.plist;
				LD_RUNPATH_SEARCH_PATHS = "$(inherited) @executable_path/Frameworks";
				PRODUCT_BUNDLE_IDENTIFIER = com.socialcar.DateUTCtoLocalTime;
				PRODUCT_NAME = "$(TARGET_NAME)";
				SWIFT_VERSION = 3.0;
			};
			name = Debug;
		};
		075978C51E52FB2300EC603F /* Release */ = {
			isa = XCBuildConfiguration;
			buildSettings = {
				ASSETCATALOG_COMPILER_APPICON_NAME = AppIcon;
				INFOPLIST_FILE = DateUTCtoLocalTime/Info.plist;
				LD_RUNPATH_SEARCH_PATHS = "$(inherited) @executable_path/Frameworks";
				PRODUCT_BUNDLE_IDENTIFIER = com.socialcar.DateUTCtoLocalTime;
				PRODUCT_NAME = "$(TARGET_NAME)";
				SWIFT_VERSION = 3.0;
			};
			name = Release;
		};
/* End XCBuildConfiguration section */

/* Begin XCConfigurationList section */
		075978AC1E52FB2300EC603F /* Build configuration list for PBXProject "DateUTCtoLocalTime" */ = {
			isa = XCConfigurationList;
			buildConfigurations = (
				075978C11E52FB2300EC603F /* Debug */,
				075978C21E52FB2300EC603F /* Release */,
			);
			defaultConfigurationIsVisible = 0;
			defaultConfigurationName = Release;
		};
		075978C31E52FB2300EC603F /* Build configuration list for PBXNativeTarget "DateUTCtoLocalTime" */ = {
			isa = XCConfigurationList;
			buildConfigurations = (
				075978C41E52FB2300EC603F /* Debug */,
				075978C51E52FB2300EC603F /* Release */,
			);
			defaultConfigurationIsVisible = 0;
		};
/* End XCConfigurationList section */
	};
	rootObject = 075978A91E52FB2300EC603F /* Project object */;
}
